{
  "name": "@pmuhammadagus-byte/openclaw-skill-router",
  "version": "1.0.0",
  "lockfileVersion": 3,
  "requires": true,
  "packages": {
    "": {
      "name": "@pmuhammadagus-byte/openclaw-skill-router",
      "version": "1.0.0",
      "peerDependencies": {
        "openclaw": ">=2026.3.24-beta.2"
      }
    }
  }
}
